
Microsoft Visual Studio Solution File, Format Version 12.00
# Visual Studio Version 17
VisualStudioVersion = 17.1.32407.343
MinimumVisualStudioVersion = 15.0.26124.0
Project("{9A19103F-16F7-4668-BE54-9A1E7A4F7556}") = "conwaylib", "conwaylib\conwaylib.csproj", "{361A8A26-A504-4F0F-8EA8-C41ED625E4AA}"
EndProject
Project("{9A19103F-16F7-4668-BE54-9A1E7A4F7556}") = "conwayconsole", "conwayconsole\conwayconsole.csproj", "{E52B642B-078A-4FC8-84FD-3F4AAD903C99}"
EndProject
Project("{9A19103F-16F7-4668-BE54-9A1E7A4F7556}") = "conwaylibtests", "conwaylibtests\conwaylibtests.csproj", "{2A52ED89-50D8-4B3E-903F-4CEB2ACEA6F0}"
EndProject
Project("{2150E333-8FDC-42A3-9474-1A3956D46DE8}") = "Solution Items", "Solution Items", "{8152221D-47A9-4F25-98F1-A8DD9FA20505}"
	ProjectSection(SolutionItems) = preProject
		README.md = README.md
	EndProjectSection
EndProject
Project("{FAE04EC0-301F-11D3-BF4B-00C04F79EFBC}") = "conwaywebapi", "conwaywebapi\conwaywebapi.csproj", "{61BF698D-2757-4B60-AD27-FA8212B4188F}"
EndProject
Project("{FAE04EC0-301F-11D3-BF4B-00C04F79EFBC}") = "conwaywebmodel", "conwaywebmodel\conwaywebmodel.csproj", "{89C41C49-B0B7-4BAE-A7B9-284E416E1CE5}"
EndProject
Project("{FAE04EC0-301F-11D3-BF4B-00C04F79EFBC}") = "conwaywebclient", "conwaywebclient\conwaywebclient.csproj", "{9D2A6069-C63E-44E2-86B8-71E11DC9CC77}"
EndProject
Project("{FAE04EC0-301F-11D3-BF4B-00C04F79EFBC}") = "conwaywebclienttests", "conwaywebclienttests\conwaywebclienttests.csproj", "{B5BC744A-08C4-4E4C-9FE4-A5C04BEDA202}"
EndProject
Project("{FAE04EC0-301F-11D3-BF4B-00C04F79EFBC}") = "conwaymultisim", "conwaymultisim\conwaymultisim.csproj", "{56AC53B9-0B15-4E0B-9D52-5272FD3AD463}"
EndProject
Global
	GlobalSection(SolutionConfigurationPlatforms) = preSolution
		Debug|Any CPU = Debug|Any CPU
		Debug|x64 = Debug|x64
		Debug|x86 = Debug|x86
		Release|Any CPU = Release|Any CPU
		Release|x64 = Release|x64
		Release|x86 = Release|x86
	EndGlobalSection
	GlobalSection(ProjectConfigurationPlatforms) = postSolution
		{361A8A26-A504-4F0F-8EA8-C41ED625E4AA}.Debug|Any CPU.ActiveCfg = Debug|Any CPU
		{361A8A26-A504-4F0F-8EA8-C41ED625E4AA}.Debug|Any CPU.Build.0 = Debug|Any CPU
		{361A8A26-A504-4F0F-8EA8-C41ED625E4AA}.Debug|x64.ActiveCfg = Debug|Any CPU
		{361A8A26-A504-4F0F-8EA8-C41ED625E4AA}.Debug|x64.Build.0 = Debug|Any CPU
		{361A8A26-A504-4F0F-8EA8-C41ED625E4AA}.Debug|x86.ActiveCfg = Debug|Any CPU
		{361A8A26-A504-4F0F-8EA8-C41ED625E4AA}.Debug|x86.Build.0 = Debug|Any CPU
		{361A8A26-A504-4F0F-8EA8-C41ED625E4AA}.Release|Any CPU.ActiveCfg = Release|Any CPU
		{361A8A26-A504-4F0F-8EA8-C41ED625E4AA}.Release|Any CPU.Build.0 = Release|Any CPU
		{361A8A26-A504-4F0F-8EA8-C41ED625E4AA}.Release|x64.ActiveCfg = Release|Any CPU
		{361A8A26-A504-4F0F-8EA8-C41ED625E4AA}.Release|x64.Build.0 = Release|Any CPU
		{361A8A26-A504-4F0F-8EA8-C41ED625E4AA}.Release|x86.ActiveCfg = Release|Any CPU
		{361A8A26-A504-4F0F-8EA8-C41ED625E4AA}.Release|x86.Build.0 = Release|Any CPU
		{E52B642B-078A-4FC8-84FD-3F4AAD903C99}.Debug|Any CPU.ActiveCfg = Debug|Any CPU
		{E52B642B-078A-4FC8-84FD-3F4AAD903C99}.Debug|Any CPU.Build.0 = Debug|Any CPU
		{E52B642B-078A-4FC8-84FD-3F4AAD903C99}.Debug|x64.ActiveCfg = Debug|Any CPU
		{E52B642B-078A-4FC8-84FD-3F4AAD903C99}.Debug|x64.Build.0 = Debug|Any CPU
		{E52B642B-078A-4FC8-84FD-3F4AAD903C99}.Debug|x86.ActiveCfg = Debug|Any CPU
		{E52B642B-078A-4FC8-84FD-3F4AAD903C99}.Debug|x86.Build.0 = Debug|Any CPU
		{E52B642B-078A-4FC8-84FD-3F4AAD903C99}.Release|Any CPU.ActiveCfg = Release|Any CPU
		{E52B642B-078A-4FC8-84FD-3F4AAD903C99}.Release|Any CPU.Build.0 = Release|Any CPU
		{E52B642B-078A-4FC8-84FD-3F4AAD903C99}.Release|x64.ActiveCfg = Release|Any CPU
		{E52B642B-078A-4FC8-84FD-3F4AAD903C99}.Release|x64.Build.0 = Release|Any CPU
		{E52B642B-078A-4FC8-84FD-3F4AAD903C99}.Release|x86.ActiveCfg = Release|Any CPU
		{E52B642B-078A-4FC8-84FD-3F4AAD903C99}.Release|x86.Build.0 = Release|Any CPU
		{2A52ED89-50D8-4B3E-903F-4CEB2ACEA6F0}.Debug|Any CPU.ActiveCfg = Debug|Any CPU
		{2A52ED89-50D8-4B3E-903F-4CEB2ACEA6F0}.Debug|Any CPU.Build.0 = Debug|Any CPU
		{2A52ED89-50D8-4B3E-903F-4CEB2ACEA6F0}.Debug|x64.ActiveCfg = Debug|Any CPU
		{2A52ED89-50D8-4B3E-903F-4CEB2ACEA6F0}.Debug|x64.Build.0 = Debug|Any CPU
		{2A52ED89-50D8-4B3E-903F-4CEB2ACEA6F0}.Debug|x86.ActiveCfg = Debug|Any CPU
		{2A52ED89-50D8-4B3E-903F-4CEB2ACEA6F0}.Debug|x86.Build.0 = Debug|Any CPU
		{2A52ED89-50D8-4B3E-903F-4CEB2ACEA6F0}.Release|Any CPU.ActiveCfg = Release|Any CPU
		{2A52ED89-50D8-4B3E-903F-4CEB2ACEA6F0}.Release|Any CPU.Build.0 = Release|Any CPU
		{2A52ED89-50D8-4B3E-903F-4CEB2ACEA6F0}.Release|x64.ActiveCfg = Release|Any CPU
		{2A52ED89-50D8-4B3E-903F-4CEB2ACEA6F0}.Release|x64.Build.0 = Release|Any CPU
		{2A52ED89-50D8-4B3E-903F-4CEB2ACEA6F0}.Release|x86.ActiveCfg = Release|Any CPU
		{2A52ED89-50D8-4B3E-903F-4CEB2ACEA6F0}.Release|x86.Build.0 = Release|Any CPU
		{61BF698D-2757-4B60-AD27-FA8212B4188F}.Debug|Any CPU.ActiveCfg = Debug|Any CPU
		{61BF698D-2757-4B60-AD27-FA8212B4188F}.Debug|Any CPU.Build.0 = Debug|Any CPU
		{61BF698D-2757-4B60-AD27-FA8212B4188F}.Debug|x64.ActiveCfg = Debug|Any CPU
		{61BF698D-2757-4B60-AD27-FA8212B4188F}.Debug|x64.Build.0 = Debug|Any CPU
		{61BF698D-2757-4B60-AD27-FA8212B4188F}.Debug|x86.ActiveCfg = Debug|Any CPU
		{61BF698D-2757-4B60-AD27-FA8212B4188F}.Debug|x86.Build.0 = Debug|Any CPU
		{61BF698D-2757-4B60-AD27-FA8212B4188F}.Release|Any CPU.ActiveCfg = Release|Any CPU
		{61BF698D-2757-4B60-AD27-FA8212B4188F}.Release|Any CPU.Build.0 = Release|Any CPU
		{61BF698D-2757-4B60-AD27-FA8212B4188F}.Release|x64.ActiveCfg = Release|Any CPU
		{61BF698D-2757-4B60-AD27-FA8212B4188F}.Release|x64.Build.0 = Release|Any CPU
		{61BF698D-2757-4B60-AD27-FA8212B4188F}.Release|x86.ActiveCfg = Release|Any CPU
		{61BF698D-2757-4B60-AD27-FA8212B4188F}.Release|x86.Build.0 = Release|Any CPU
		{89C41C49-B0B7-4BAE-A7B9-284E416E1CE5}.Debug|Any CPU.ActiveCfg = Debug|Any CPU
		{89C41C49-B0B7-4BAE-A7B9-284E416E1CE5}.Debug|Any CPU.Build.0 = Debug|Any CPU
		{89C41C49-B0B7-4BAE-A7B9-284E416E1CE5}.Debug|x64.ActiveCfg = Debug|Any CPU
		{89C41C49-B0B7-4BAE-A7B9-284E416E1CE5}.Debug|x64.Build.0 = Debug|Any CPU
		{89C41C49-B0B7-4BAE-A7B9-284E416E1CE5}.Debug|x86.ActiveCfg = Debug|Any CPU
		{89C41C49-B0B7-4BAE-A7B9-284E416E1CE5}.Debug|x86.Build.0 = Debug|Any CPU
		{89C41C49-B0B7-4BAE-A7B9-284E416E1CE5}.Release|Any CPU.ActiveCfg = Release|Any CPU
		{89C41C49-B0B7-4BAE-A7B9-284E416E1CE5}.Release|Any CPU.Build.0 = Release|Any CPU
		{89C41C49-B0B7-4BAE-A7B9-284E416E1CE5}.Release|x64.ActiveCfg = Release|Any CPU
		{89C41C49-B0B7-4BAE-A7B9-284E416E1CE5}.Release|x64.Build.0 = Release|Any CPU
		{89C41C49-B0B7-4BAE-A7B9-284E416E1CE5}.Release|x86.ActiveCfg = Release|Any CPU
		{89C41C49-B0B7-4BAE-A7B9-284E416E1CE5}.Release|x86.Build.0 = Release|Any CPU
		{9D2A6069-C63E-44E2-86B8-71E11DC9CC77}.Debug|Any CPU.ActiveCfg = Debug|Any CPU
		{9D2A6069-C63E-44E2-86B8-71E11DC9CC77}.Debug|Any CPU.Build.0 = Debug|Any CPU
		{9D2A6069-C63E-44E2-86B8-71E11DC9CC77}.Debug|x64.ActiveCfg = Debug|Any CPU
		{9D2A6069-C63E-44E2-86B8-71E11DC9CC77}.Debug|x64.Build.0 = Debug|Any CPU
		{9D2A6069-C63E-44E2-86B8-71E11DC9CC77}.Debug|x86.ActiveCfg = Debug|Any CPU
		{9D2A6069-C63E-44E2-86B8-71E11DC9CC77}.Debug|x86.Build.0 = Debug|Any CPU
		{9D2A6069-C63E-44E2-86B8-71E11DC9CC77}.Release|Any CPU.ActiveCfg = Release|Any CPU
		{9D2A6069-C63E-44E2-86B8-71E11DC9CC77}.Release|Any CPU.Build.0 = Release|Any CPU
		{9D2A6069-C63E-44E2-86B8-71E11DC9CC77}.Release|x64.ActiveCfg = Release|Any CPU
		{9D2A6069-C63E-44E2-86B8-71E11DC9CC77}.Release|x64.Build.0 = Release|Any CPU
		{9D2A6069-C63E-44E2-86B8-71E11DC9CC77}.Release|x86.ActiveCfg = Release|Any CPU
		{9D2A6069-C63E-44E2-86B8-71E11DC9CC77}.Release|x86.Build.0 = Release|Any CPU
		{B5BC744A-08C4-4E4C-9FE4-A5C04BEDA202}.Debug|Any CPU.ActiveCfg = Debug|Any CPU
		{B5BC744A-08C4-4E4C-9FE4-A5C04BEDA202}.Debug|Any CPU.Build.0 = Debug|Any CPU
		{B5BC744A-08C4-4E4C-9FE4-A5C04BEDA202}.Debug|x64.ActiveCfg = Debug|Any CPU
		{B5BC744A-08C4-4E4C-9FE4-A5C04BEDA202}.Debug|x64.Build.0 = Debug|Any CPU
		{B5BC744A-08C4-4E4C-9FE4-A5C04BEDA202}.Debug|x86.ActiveCfg = Debug|Any CPU
		{B5BC744A-08C4-4E4C-9FE4-A5C04BEDA202}.Debug|x86.Build.0 = Debug|Any CPU
		{B5BC744A-08C4-4E4C-9FE4-A5C04BEDA202}.Release|Any CPU.ActiveCfg = Release|Any CPU
		{B5BC744A-08C4-4E4C-9FE4-A5C04BEDA202}.Release|Any CPU.Build.0 = Release|Any CPU
		{B5BC744A-08C4-4E4C-9FE4-A5C04BEDA202}.Release|x64.ActiveCfg = Release|Any CPU
		{B5BC744A-08C4-4E4C-9FE4-A5C04BEDA202}.Release|x64.Build.0 = Release|Any CPU
		{B5BC744A-08C4-4E4C-9FE4-A5C04BEDA202}.Release|x86.ActiveCfg = Release|Any CPU
		{B5BC744A-08C4-4E4C-9FE4-A5C04BEDA202}.Release|x86.Build.0 = Release|Any CPU
		{56AC53B9-0B15-4E0B-9D52-5272FD3AD463}.Debug|Any CPU.ActiveCfg = Debug|Any CPU
		{56AC53B9-0B15-4E0B-9D52-5272FD3AD463}.Debug|Any CPU.Build.0 = Debug|Any CPU
		{56AC53B9-0B15-4E0B-9D52-5272FD3AD463}.Debug|x64.ActiveCfg = Debug|Any CPU
		{56AC53B9-0B15-4E0B-9D52-5272FD3AD463}.Debug|x64.Build.0 = Debug|Any CPU
		{56AC53B9-0B15-4E0B-9D52-5272FD3AD463}.Debug|x86.ActiveCfg = Debug|Any CPU
		{56AC53B9-0B15-4E0B-9D52-5272FD3AD463}.Debug|x86.Build.0 = Debug|Any CPU
		{56AC53B9-0B15-4E0B-9D52-5272FD3AD463}.Release|Any CPU.ActiveCfg = Release|Any CPU
		{56AC53B9-0B15-4E0B-9D52-5272FD3AD463}.Release|Any CPU.Build.0 = Release|Any CPU
		{56AC53B9-0B15-4E0B-9D52-5272FD3AD463}.Release|x64.ActiveCfg = Release|Any CPU
		{56AC53B9-0B15-4E0B-9D52-5272FD3AD463}.Release|x64.Build.0 = Release|Any CPU
		{56AC53B9-0B15-4E0B-9D52-5272FD3AD463}.Release|x86.ActiveCfg = Release|Any CPU
		{56AC53B9-0B15-4E0B-9D52-5272FD3AD463}.Release|x86.Build.0 = Release|Any CPU
	EndGlobalSection
	GlobalSection(SolutionProperties) = preSolution
		HideSolutionNode = FALSE
	EndGlobalSection
	GlobalSection(ExtensibilityGlobals) = postSolution
		SolutionGuid = {785977CF-DF67-4385-8A43-7E591B2ED439}
	EndGlobalSection
EndGlobal
